// !$*UTF8*$!
{
	archiveVersion = 1;
	classes = {
	};
	objectVersion = 46;
	objects = {

/* Begin PBXBuildFile section */
		F71132261F018A6E00741936 /* AppDelegate.swift in Sources */ = {isa = PBXBuildFile; fileRef = F71132251F018A6E00741936 /* AppDelegate.swift */; };
		F71132281F018A6E00741936 /* ViewController.swift in Sources */ = {isa = PBXBuildFile; fileRef = F71132271F018A6E00741936 /* ViewController.swift */; };
		F711322B1F018A6E00741936 /* Main.storyboard in Resources */ = {isa = PBXBuildFile; fileRef = F71132291F018A6E00741936 /* Main.storyboard */; };
		F711322D1F018A6E00741936 /* Assets.xcassets in Resources */ = {isa = PBXBuildFile; fileRef = F711322C1F018A6E00741936 /* Assets.xcassets */; };
		F71132301F018A6E00741936 /* LaunchScreen.storyboard in Resources */ = {isa = PBXBuildFile; fileRef = F711322E1F018A6E00741936 /* LaunchScreen.storyboard */; };
		F711323B1F018A6F00741936 /* parseChatTests.swift in Sources */ = {isa = PBXBuildFile; fileRef = F711323A1F018A6F00741936 /* parseChatTests.swift */; };
		F71132461F018A6F00741936 /* parseChatUITests.swift in Sources */ = {isa = PBXBuildFile; fileRef = F71132451F018A6F00741936 /* parseChatUITests.swift */; };
/* End PBXBuildFile section */

/* Begin PBXContainerItemProxy section */
		F71132371F018A6F00741936 /* PBXContainerItemProxy */ = {
			isa = PBXContainerItemProxy;
			containerPortal = F711321A1F018A6E00741936 /* Project object */;
			proxyType = 1;
			remoteGlobalIDString = F71132211F018A6E00741936;
			remoteInfo = parseChat;
		};
		F71132421F018A6F00741936 /* PBXContainerItemProxy */ = {
			isa = PBXContainerItemProxy;
			containerPortal = F711321A1F018A6E00741936 /* Project object */;
			proxyType = 1;
			remoteGlobalIDString = F71132211F018A6E00741936;
			remoteInfo = parseChat;
		};
/* End PBXContainerItemProxy section */

/* Begin PBXFileReference section */
		F71132221F018A6E00741936 /* parseChat.app */ = {isa = PBXFileReference; explicitFileType = wrapper.application; includeInIndex = 0; path = parseChat.app; sourceTree = BUILT_PRODUCTS_DIR; };
		F71132251F018A6E00741936 /* AppDelegate.swift */ = {isa = PBXFileReference; lastKnownFileType = sourcecode.swift; path = AppDelegate.swift; sourceTree = "<group>"; };
		F71132271F018A6E00741936 /* ViewController.swift */ = {isa = PBXFileReference; lastKnownFileType = sourcecode.swift; path = ViewController.swift; sourceTree = "<group>"; };
		F711322A1F018A6E00741936 /* Base */ = {isa = PBXFileReference; lastKnownFileType = file.storyboard; name = Base; path = Base.lproj/Main.storyboard; sourceTree = "<group>"; };
		F711322C1F018A6E00741936 /* Assets.xcassets */ = {isa = PBXFileReference; lastKnownFileType = folder.assetcatalog; path = Assets.xcassets; sourceTree = "<group>"; };
		F711322F1F018A6E00741936 /* Base */ = {isa = PBXFileReference; lastKnownFileType = file.storyboard; name = Base; path = Base.lproj/LaunchScreen.storyboard; sourceTree = "<group>"; };
		F71132311F018A6E00741936 /* Info.plist */ = {isa = PBXFileReference; lastKnownFileType = text.plist.xml; path = Info.plist; sourceTree = "<group>"; };
		F71132361F018A6F00741936 /* parseChatTests.xctest */ = {isa = PBXFileReference; explicitFileType = wrapper.cfbundle; includeInIndex = 0; path = parseChatTests.xctest; sourceTree = BUILT_PRODUCTS_DIR; };
		F711323A1F018A6F00741936 /* parseChatTests.swift */ = {isa = PBXFileReference; lastKnownFileType = sourcecode.swift; path = parseChatTests.swift; sourceTree = "<group>"; };
		F711323C1F018A6F00741936 /* Info.plist */ = {isa = PBXFileReference; lastKnownFileType = text.plist.xml; path = Info.plist; sourceTree = "<group>"; };
		F71132411F018A6F00741936 /* parseChatUITests.xctest */ = {isa = PBXFileReference; explicitFileType = wrapper.cfbundle; includeInIndex = 0; path = parseChatUITests.xctest; sourceTree = BUILT_PRODUCTS_DIR; };
		F71132451F018A6F00741936 /* parseChatUITests.swift */ = {isa = PBXFileReference; lastKnownFileType = sourcecode.swift; path = parseChatUITests.swift; sourceTree = "<group>"; };
		F71132471F018A6F00741936 /* Info.plist */ = {isa = PBXFileReference; lastKnownFileType = text.plist.xml; path = Info.plist; sourceTree = "<group>"; };
/* End PBXFileReference section */

/* Begin PBXFrameworksBuildPhase section */
		F711321F1F018A6E00741936 /* Frameworks */ = {
			isa = PBXFrameworksBuildPhase;
			buildActionMask = 2147483647;
			files = (
			);
			runOnlyForDeploymentPostprocessing = 0;
		};
		F71132331F018A6F00741936 /* Frameworks */ = {
			isa = PBXFrameworksBuildPhase;
			buildActionMask = 2147483647;
			files = (
			);
			runOnlyForDeploymentPostprocessing = 0;
		};
		F711323E1F018A6F00741936 /* Frameworks */ = {
			isa = PBXFrameworksBuildPhase;
			buildActionMask = 2147483647;
			files = (
			);
			runOnlyForDeploymentPostprocessing = 0;
		};
/* End PBXFrameworksBuildPhase section */

/* Begin PBXGroup section */
		F71132191F018A6E00741936 = {
			isa = PBXGroup;
			children = (
				F71132241F018A6E00741936 /* parseChat */,
				F71132391F018A6F00741936 /* parseChatTests */,
				F71132441F018A6F00741936 /* parseChatUITests */,
				F71132231F018A6E00741936 /* Products */,
			);
			sourceTree = "<group>";
		};
		F71132231F018A6E00741936 /* Products */ = {
			isa = PBXGroup;
			children = (
				F71132221F018A6E00741936 /* parseChat.app */,
				F71132361F018A6F00741936 /* parseChatTests.xctest */,
				F71132411F018A6F00741936 /* parseChatUITests.xctest */,
			);
			name = Products;
			sourceTree = "<group>";
		};
		F71132241F018A6E00741936 /* parseChat */ = {
			isa = PBXGroup;
			children = (
				F71132251F018A6E00741936 /* AppDelegate.swift */,
				F71132271F018A6E00741936 /* ViewController.swift */,
				F71132291F018A6E00741936 /* Main.storyboard */,
				F711322C1F018A6E00741936 /* Assets.xcassets */,
				F711322E1F018A6E00741936 /* LaunchScreen.storyboard */,
				F71132311F018A6E00741936 /* Info.plist */,
			);
			path = parseChat;
			sourceTree = "<group>";
		};
		F71132391F018A6F00741936 /* parseChatTests */ = {
			isa = PBXGroup;
			children = (
				F711323A1F018A6F00741936 /* parseChatTests.swift */,
				F711323C1F018A6F00741936 /* Info.plist */,
			);
			path = parseChatTests;
			sourceTree = "<group>";
		};
		F71132441F018A6F00741936 /* parseChatUITests */ = {
			isa = PBXGroup;
			children = (
				F71132451F018A6F00741936 /* parseChatUITests.swift */,
				F71132471F018A6F00741936 /* Info.plist */,
			);
			path = parseChatUITests;
			sourceTree = "<group>";
		};
/* End PBXGroup section */

/* Begin PBXNativeTarget section */
		F71132211F018A6E00741936 /* parseChat */ = {
			isa = PBXNativeTarget;
			buildConfigurationList = F711324A1F018A6F00741936 /* Build configuration list for PBXNativeTarget "parseChat" */;
			buildPhases = (
				F711321E1F018A6E00741936 /* Sources */,
				F711321F1F018A6E00741936 /* Frameworks */,
				F71132201F018A6E00741936 /* Resources */,
			);
			buildRules = (
			);
			dependencies = (
			);
			name = parseChat;
			productName = parseChat;
			productReference = F71132221F018A6E00741936 /* parseChat.app */;
			productType = "com.apple.product-type.application";
		};
		F71132351F018A6F00741936 /* parseChatTests */ = {
			isa = PBXNativeTarget;
			buildConfigurationList = F711324D1F018A6F00741936 /* Build configuration list for PBXNativeTarget "parseChatTests" */;
			buildPhases = (
				F71132321F018A6F00741936 /* Sources */,
				F71132331F018A6F00741936 /* Frameworks */,
				F71132341F018A6F00741936 /* Resources */,
			);
			buildRules = (
			);
			dependencies = (
				F71132381F018A6F00741936 /* PBXTargetDependency */,
			);
			name = parseChatTests;
			productName = parseChatTests;
			productReference = F71132361F018A6F00741936 /* parseChatTests.xctest */;
			productType = "com.apple.product-type.bundle.unit-test";
		};
		F71132401F018A6F00741936 /* parseChatUITests */ = {
			isa = PBXNativeTarget;
			buildConfigurationList = F71132501F018A6F00741936 /* Build configuration list for PBXNativeTarget "parseChatUITests" */;
			buildPhases = (
				F711323D1F018A6F00741936 /* Sources */,
				F711323E1F018A6F00741936 /* Frameworks */,
				F711323F1F018A6F00741936 /* Resources */,
			);
			buildRules = (
			);
			dependencies = (
				F71132431F018A6F00741936 /* PBXTargetDependency */,
			);
			name = parseChatUITests;
			productName = parseChatUITests;
			productReference = F71132411F018A6F00741936 /* parseChatUITests.xctest */;
			productType = "com.apple.product-type.bundle.ui-testing";
		};
/* End PBXNativeTarget section */

/* Begin PBXProject section */
		F711321A1F018A6E00741936 /* Project object */ = {
			isa = PBXProject;
			attributes = {
				LastSwiftUpdateCheck = 0830;
				LastUpgradeCheck = 0830;
				ORGANIZATIONNAME = "Tyler Holloway";
				TargetAttributes = {
					F71132211F018A6E00741936 = {
						CreatedOnToolsVersion = 8.3.3;
						ProvisioningStyle = Automatic;
					};
					F71132351F018A6F00741936 = {
						CreatedOnToolsVersion = 8.3.3;
						ProvisioningStyle = Automatic;
						TestTargetID = F71132211F018A6E00741936;
					};
					F71132401F018A6F00741936 = {
						CreatedOnToolsVersion = 8.3.3;
						ProvisioningStyle = Automatic;
						TestTargetID = F71132211F018A6E00741936;
					};
				};
			};
			buildConfigurationList = F711321D1F018A6E00741936 /* Build configuration list for PBXProject "parseChat" */;
			compatibilityVersion = "Xcode 3.2";
			developmentRegion = English;
			hasScannedForEncodings = 0;
			knownRegions = (
				en,
				Base,
			);
			mainGroup = F71132191F018A6E00741936;
			productRefGroup = F71132231F018A6E00741936 /* Products */;
			projectDirPath = "";
			projectRoot = "";
			targets = (
				F71132211F018A6E00741936 /* parseChat */,
				F71132351F018A6F00741936 /* parseChatTests */,
				F71132401F018A6F00741936 /* parseChatUITests */,
			);
		};
/* End PBXProject section */

/* Begin PBXResourcesBuildPhase section */
		F71132201F018A6E00741936 /* Resources */ = {
			isa = PBXResourcesBuildPhase;
			buildActionMask = 2147483647;
			files = (
				F71132301F018A6E00741936 /* LaunchScreen.storyboard in Resources */,
				F711322D1F018A6E00741936 /* Assets.xcassets in Resources */,
				F711322B1F018A6E00741936 /* Main.storyboard in Resources */,
			);
			runOnlyForDeploymentPostprocessing = 0;
		};
		F71132341F018A6F00741936 /* Resources */ = {
			isa = PBXResourcesBuildPhase;
			buildActionMask = 2147483647;
			files = (
			);
			runOnlyForDeploymentPostprocessing = 0;
		};
		F711323F1F018A6F00741936 /* Resources */ = {
			isa = PBXResourcesBuildPhase;
			buildActionMask = 2147483647;
			files = (
			);
			runOnlyForDeploymentPostprocessing = 0;
		};
/* End PBXResourcesBuildPhase section */

/* Begin PBXSourcesBuildPhase section */
		F711321E1F018A6E00741936 /* Sources */ = {
			isa = PBXSourcesBuildPhase;
			buildActionMask = 2147483647;
			files = (
				F71132281F018A6E00741936 /* ViewController.swift in Sources */,
				F71132261F018A6E00741936 /* AppDelegate.swift in Sources */,
			);
			runOnlyForDeploymentPostprocessing = 0;
		};
		F71132321F018A6F00741936 /* Sources */ = {
			isa = PBXSourcesBuildPhase;
			buildActionMask = 2147483647;
			files = (
				F711323B1F018A6F00741936 /* parseChatTests.swift in Sources */,
			);
			runOnlyForDeploymentPostprocessing = 0;
		};
		F711323D1F018A6F00741936 /* Sources */ = {
			isa = PBXSourcesBuildPhase;
			buildActionMask = 2147483647;
			files = (
				F71132461F018A6F00741936 /* parseChatUITests.swift in Sources */,
			);
			runOnlyForDeploymentPostprocessing = 0;
		};
/* End PBXSourcesBuildPhase section */

/* Begin PBXTargetDependency section */
		F71132381F018A6F00741936 /* PBXTargetDependency */ = {
			isa = PBXTargetDependency;
			target = F71132211F018A6E00741936 /* parseChat */;
			targetProxy = F71132371F018A6F00741936 /* PBXContainerItemProxy */;
		};
		F71132431F018A6F00741936 /* PBXTargetDependency */ = {
			isa = PBXTargetDependency;
			target = F71132211F018A6E00741936 /* parseChat */;
			targetProxy = F71132421F018A6F00741936 /* PBXContainerItemProxy */;
		};
/* End PBXTargetDependency section */

/* Begin PBXVariantGroup section */
		F71132291F018A6E00741936 /* Main.storyboard */ = {
			isa = PBXVariantGroup;
			children = (
				F711322A1F018A6E00741936 /* Base */,
			);
			name = Main.storyboard;
			sourceTree = "<group>";
		};
		F711322E1F018A6E00741936 /* LaunchScreen.storyboard */ = {
			isa = PBXVariantGroup;
			children = (
				F711322F1F018A6E00741936 /* Base */,
			);
			name = LaunchScreen.storyboard;
			sourceTree = "<group>";
		};
/* End PBXVariantGroup section */

/* Begin XCBuildConfiguration section */
		F71132481F018A6F00741936 /* Debug */ = {
			isa = XCBuildConfiguration;
			buildSettings = {
				ALWAYS_SEARCH_USER_PATHS = NO;
				CLANG_ANALYZER_NONNULL = YES;
				CLANG_ANALYZER_NUMBER_OBJECT_CONVERSION = YES_AGGRESSIVE;
				CLANG_CXX_LANGUAGE_STANDARD = "gnu++0x";
				CLANG_CXX_LIBRARY = "libc++";
				CLANG_ENABLE_MODULES = YES;
				CLANG_ENABLE_OBJC_ARC = YES;
				CLANG_WARN_BOOL_CONVERSION = YES;
				CLANG_WARN_CONSTANT_CONVERSION = YES;
				CLANG_WARN_DIRECT_OBJC_ISA_USAGE = YES_ERROR;
				CLANG_WARN_DOCUMENTATION_COMMENTS = YES;
				CLANG_WARN_EMPTY_BODY = YES;
				CLANG_WARN_ENUM_CONVERSION = YES;
				CLANG_WARN_INFINITE_RECURSION = YES;
				CLANG_WARN_INT_CONVERSION = YES;
				CLANG_WARN_OBJC_ROOT_CLASS = YES_ERROR;
				CLANG_WARN_SUSPICIOUS_MOVE = YES;
				CLANG_WARN_UNREACHABLE_CODE = YES;
				CLANG_WARN__DUPLICATE_METHOD_MATCH = YES;
				"CODE_SIGN_IDENTITY[sdk=iphoneos*]" = "iPhone Developer";
				COPY_PHASE_STRIP = NO;
				DEBUG_INFORMATION_FORMAT = dwarf;
				ENABLE_STRICT_OBJC_MSGSEND = YES;
				ENABLE_TESTABILITY = YES;
				GCC_C_LANGUAGE_STANDARD = gnu99;
				GCC_DYNAMIC_NO_PIC = NO;
				GCC_NO_COMMON_BLOCKS = YES;
				GCC_OPTIMIZATION_LEVEL = 0;
				GCC_PREPROCESSOR_DEFINITIONS = (
					"DEBUG=1",
					"$(inherited)",
				);
				GCC_WARN_64_TO_32_BIT_CONVERSION = YES;
				GCC_WARN_ABOUT_RETURN_TYPE = YES_ERROR;
				GCC_WARN_UNDECLARED_SELECTOR = YES;
				GCC_WARN_UNINITIALIZED_AUTOS = YES_AGGRESSIVE;
				GCC_WARN_UNUSED_FUNCTION = YES;
				GCC_WARN_UNUSED_VARIABLE = YES;
				IPHONEOS_DEPLOYMENT_TARGET = 10.3;
				MTL_ENABLE_DEBUG_INFO = YES;
				ONLY_ACTIVE_ARCH = YES;
				SDKROOT = iphoneos;
				SWIFT_ACTIVE_COMPILATION_CONDITIONS = DEBUG;
				SWIFT_OPTIMIZATION_LEVEL = "-Onone";
			};
			name = Debug;
		};
		F71132491F018A6F00741936 /* Release */ = {
			isa = XCBuildConfiguration;
			buildSettings = {
				ALWAYS_SEARCH_USER_PATHS = NO;
				CLANG_ANALYZER_NONNULL = YES;
				CLANG_ANALYZER_NUMBER_OBJECT_CONVERSION = YES_AGGRESSIVE;
				CLANG_CXX_LANGUAGE_STANDARD = "gnu++0x";
				CLANG_CXX_LIBRARY = "libc++";
				CLANG_ENABLE_MODULES = YES;
				CLANG_ENABLE_OBJC_ARC = YES;
				CLANG_WARN_BOOL_CONVERSION = YES;
				CLANG_WARN_CONSTANT_CONVERSION = YES;
				CLANG_WARN_DIRECT_OBJC_ISA_USAGE = YES_ERROR;
				CLANG_WARN_DOCUMENTATION_COMMENTS = YES;
				CLANG_WARN_EMPTY_BODY = YES;
				CLANG_WARN_ENUM_CONVERSION = YES;
				CLANG_WARN_INFINITE_RECURSION = YES;
				CLANG_WARN_INT_CONVERSION = YES;
				CLANG_WARN_OBJC_ROOT_CLASS = YES_ERROR;
				CLANG_WARN_SUSPICIOUS_MOVE = YES;
				CLANG_WARN_UNREACHABLE_CODE = YES;
				CLANG_WARN__DUPLICATE_METHOD_MATCH = YES;
				"CODE_SIGN_IDENTITY[sdk=iphoneos*]" = "iPhone Developer";
				COPY_PHASE_STRIP = NO;
				DEBUG_INFORMATION_FORMAT = "dwarf-with-dsym";
				ENABLE_NS_ASSERTIONS = NO;
				ENABLE_STRICT_OBJC_MSGSEND = YES;
				GCC_C_LANGUAGE_STANDARD = gnu99;
				GCC_NO_COMMON_BLOCKS = YES;
				GCC_WARN_64_TO_32_BIT_CONVERSION = YES;
				GCC_WARN_ABOUT_RETURN_TYPE = YES_ERROR;
				GCC_WARN_UNDECLARED_SELECTOR = YES;
				GCC_WARN_UNINITIALIZED_AUTOS = YES_AGGRESSIVE;
				GCC_WARN_UNUSED_FUNCTION = YES;
				GCC_WARN_UNUSED_VARIABLE = YES;
				IPHONEOS_DEPLOYMENT_TARGET = 10.3;
				MTL_ENABLE_DEBUG_INFO = NO;
				SDKROOT = iphoneos;
				SWIFT_OPTIMIZATION_LEVEL = "-Owholemodule";
				VALIDATE_PRODUCT = YES;
			};
			name = Release;
		};
		F711324B1F018A6F00741936 /* Debug */ = {
			isa = XCBuildConfiguration;
			buildSettings = {
				ASSETCATALOG_COMPILER_APPICON_NAME = AppIcon;
				INFOPLIST_FILE = parseChat/Info.plist;
				LD_RUNPATH_SEARCH_PATHS = "$(inherited) @executable_path/Frameworks";
				PRODUCT_BUNDLE_IDENTIFIER = com.FBU.Tyler.parseChat;
				PRODUCT_NAME = "$(TARGET_NAME)";
				SWIFT_VERSION = 3.0;
			};
			name = Debug;
		};
		F711324C1F018A6F00741936 /* Release */ = {
			isa = XCBuildConfiguration;
			buildSettings = {
				ASSETCATALOG_COMPILER_APPICON_NAME = AppIcon;
				INFOPLIST_FILE = parseChat/Info.plist;
				LD_RUNPATH_SEARCH_PATHS = "$(inherited) @executable_path/Frameworks";
				PRODUCT_BUNDLE_IDENTIFIER = com.FBU.Tyler.parseChat;
				PRODUCT_NAME = "$(TARGET_NAME)";
				SWIFT_VERSION = 3.0;
			};
			name = Release;
		};
		F711324E1F018A6F00741936 /* Debug */ = {
			isa = XCBuildConfiguration;
			buildSettings = {
				ALWAYS_EMBED_SWIFT_STANDARD_LIBRARIES = YES;
				BUNDLE_LOADER = "$(TEST_HOST)";
				INFOPLIST_FILE = parseChatTests/Info.plist;
				LD_RUNPATH_SEARCH_PATHS = "$(inherited) @executable_path/Frameworks @loader_path/Frameworks";
				PRODUCT_BUNDLE_IDENTIFIER = com.FBU.Tyler.parseChatTests;
				PRODUCT_NAME = "$(TARGET_NAME)";
				SWIFT_VERSION = 3.0;
				TEST_HOST = "$(BUILT_PRODUCTS_DIR)/parseChat.app/parseChat";
			};
			name = Debug;
		};
		F711324F1F018A6F00741936 /* Release */ = {
			isa = XCBuildConfiguration;
			buildSettings = {
				ALWAYS_EMBED_SWIFT_STANDARD_LIBRARIES = YES;
				BUNDLE_LOADER = "$(TEST_HOST)";
				INFOPLIST_FILE = parseChatTests/Info.plist;
				LD_RUNPATH_SEARCH_PATHS = "$(inherited) @executable_path/Frameworks @loader_path/Frameworks";
				PRODUCT_BUNDLE_IDENTIFIER = com.FBU.Tyler.parseChatTests;
				PRODUCT_NAME = "$(TARGET_NAME)";
				SWIFT_VERSION = 3.0;
				TEST_HOST = "$(BUILT_PRODUCTS_DIR)/parseChat.app/parseChat";
			};
			name = Release;
		};
		F71132511F018A6F00741936 /* Debug */ = {
			isa = XCBuildConfiguration;
			buildSettings = {
				ALWAYS_EMBED_SWIFT_STANDARD_LIBRARIES = YES;
				INFOPLIST_FILE = parseChatUITests/Info.plist;
				LD_RUNPATH_SEARCH_PATHS = "$(inherited) @executable_path/Frameworks @loader_path/Frameworks";
				PRODUCT_BUNDLE_IDENTIFIER = com.FBU.Tyler.parseChatUITests;
				PRODUCT_NAME = "$(TARGET_NAME)";
				SWIFT_VERSION = 3.0;
				TEST_TARGET_NAME = parseChat;
			};
			name = Debug;
		};
		F71132521F018A6F00741936 /* Release */ = {
			isa = XCBuildConfiguration;
			buildSettings = {
				ALWAYS_EMBED_SWIFT_STANDARD_LIBRARIES = YES;
				INFOPLIST_FILE = parseChatUITests/Info.plist;
				LD_RUNPATH_SEARCH_PATHS = "$(inherited) @executable_path/Frameworks @loader_path/Frameworks";
				PRODUCT_BUNDLE_IDENTIFIER = com.FBU.Tyler.parseChatUITests;
				PRODUCT_NAME = "$(TARGET_NAME)";
				SWIFT_VERSION = 3.0;
				TEST_TARGET_NAME = parseChat;
			};
			name = Release;
		};
/* End XCBuildConfiguration section */

/* Begin XCConfigurationList section */
		F711321D1F018A6E00741936 /* Build configuration list for PBXProject "parseChat" */ = {
			isa = XCConfigurationList;
			buildConfigurations = (
				F71132481F018A6F00741936 /* Debug */,
				F71132491F018A6F00741936 /* Release */,
			);
			defaultConfigurationIsVisible = 0;
			defaultConfigurationName = Release;
		};
		F711324A1F018A6F00741936 /* Build configuration list for PBXNativeTarget "parseChat" */ = {
			isa = XCConfigurationList;
			buildConfigurations = (
				F711324B1F018A6F00741936 /* Debug */,
				F711324C1F018A6F00741936 /* Release */,
			);
			defaultConfigurationIsVisible = 0;
		};
		F711324D1F018A6F00741936 /* Build configuration list for PBXNativeTarget "parseChatTests" */ = {
			isa = XCConfigurationList;
			buildConfigurations = (
				F711324E1F018A6F00741936 /* Debug */,
				F711324F1F018A6F00741936 /* Release */,
			);
			defaultConfigurationIsVisible = 0;
		};
		F71132501F018A6F00741936 /* Build configuration list for PBXNativeTarget "parseChatUITests" */ = {
			isa = XCConfigurationList;
			buildConfigurations = (
				F71132511F018A6F00741936 /* Debug */,
				F71132521F018A6F00741936 /* Release */,
			);
			defaultConfigurationIsVisible = 0;
		};
/* End XCConfigurationList section */
	};
	rootObject = F711321A1F018A6E00741936 /* Project object */;
}
